
Microsoft Visual Studio Solution File, Format Version 12.00
# Visual Studio 14
VisualStudioVersion = 14.0.25420.1
MinimumVisualStudioVersion = 10.0.40219.1
Project("{8BB2217D-0F2D-49D1-97BC-3654ED321F3B}") = "NoJS.Library", "NoJS.Library\NoJS.Library.xproj", "{8250427E-D869-4A3B-A9A6-8892B22ED381}"
EndProject
Project("{2150E333-8FDC-42A3-9474-1A3956D46DE8}") = "Tests", "Tests", "{89DFCB02-BDAA-4D71-9F20-276006F59978}"
EndProject
Project("{8BB2217D-0F2D-49D1-97BC-3654ED321F3B}") = "NoJS.Tests.MVC", "NoJS.Tests.MVC\NoJS.Tests.MVC.xproj", "{EBFB4452-7CE1-48DE-B1C0-FF8E186F1B61}"
EndProject
Global
	GlobalSection(SolutionConfigurationPlatforms) = preSolution
		Debug|Any CPU = Debug|Any CPU
		Release|Any CPU = Release|Any CPU
	EndGlobalSection
	GlobalSection(ProjectConfigurationPlatforms) = postSolution
		{8250427E-D869-4A3B-A9A6-8892B22ED381}.Debug|Any CPU.ActiveCfg = Debug|Any CPU
		{8250427E-D869-4A3B-A9A6-8892B22ED381}.Debug|Any CPU.Build.0 = Debug|Any CPU
		{8250427E-D869-4A3B-A9A6-8892B22ED381}.Release|Any CPU.ActiveCfg = Release|Any CPU
		{8250427E-D869-4A3B-A9A6-8892B22ED381}.Release|Any CPU.Build.0 = Release|Any CPU
		{EBFB4452-7CE1-48DE-B1C0-FF8E186F1B61}.Debug|Any CPU.ActiveCfg = Debug|Any CPU
		{EBFB4452-7CE1-48DE-B1C0-FF8E186F1B61}.Debug|Any CPU.Build.0 = Debug|Any CPU
		{EBFB4452-7CE1-48DE-B1C0-FF8E186F1B61}.Release|Any CPU.ActiveCfg = Release|Any CPU
		{EBFB4452-7CE1-48DE-B1C0-FF8E186F1B61}.Release|Any CPU.Build.0 = Release|Any CPU
	EndGlobalSection
	GlobalSection(SolutionProperties) = preSolution
		HideSolutionNode = FALSE
	EndGlobalSection
	GlobalSection(NestedProjects) = preSolution
		{EBFB4452-7CE1-48DE-B1C0-FF8E186F1B61} = {89DFCB02-BDAA-4D71-9F20-276006F59978}
	EndGlobalSection
EndGlobal
